
Microsoft Visual Studio Solution File, Format Version 12.00
# Visual Studio Version 17
VisualStudioVersion = 17.6.33815.320
MinimumVisualStudioVersion = 10.0.40219.1
Project("{FAE04EC0-301F-11D3-BF4B-00C04F79EFBC}") = "WebApplication1", "WebApplication1\WebApplication1.csproj", "{1AEB2B17-34E9-454B-86FA-E3FD7B7CF8A3}"
EndProject
Global
	GlobalSection(SolutionConfigurationPlatforms) = preSolution
		Debug|Any CPU = Debug|Any CPU
		Release|Any CPU = Release|Any CPU
	EndGlobalSection
	GlobalSection(ProjectConfigurationPlatforms) = postSolution
		{1AEB2B17-34E9-454B-86FA-E3FD7B7CF8A3}.Debug|Any CPU.ActiveCfg = Debug|Any CPU
		{1AEB2B17-34E9-454B-86FA-E3FD7B7CF8A3}.Debug|Any CPU.Build.0 = Debug|Any CPU
		{1AEB2B17-34E9-454B-86FA-E3FD7B7CF8A3}.Release|Any CPU.ActiveCfg = Release|Any CPU
		{1AEB2B17-34E9-454B-86FA-E3FD7B7CF8A3}.Release|Any CPU.Build.0 = Release|Any CPU
	EndGlobalSection
	GlobalSection(SolutionProperties) = preSolution
		HideSolutionNode = FALSE
	EndGlobalSection
	GlobalSection(ExtensibilityGlobals) = postSolution
		SolutionGuid = {EF42AE2C-E300-452D-BBAA-C2D3643F7096}
	EndGlobalSection
EndGlobal
